
Microsoft Visual Studio Solution File, Format Version 12.00
# Visual Studio 15
VisualStudioVersion = 15.0.27004.2005
MinimumVisualStudioVersion = 10.0.40219.1
Project("{FAE04EC0-301F-11D3-BF4B-00C04F79EFBC}") = "xiaocao.test", "xiaocao.test\xiaocao.test.csproj", "{D39058FC-1A7E-41B0-A2B9-8A0E12BBDAD5}"
EndProject
Project("{FAE04EC0-301F-11D3-BF4B-00C04F79EFBC}") = "Xiaocao.Asp.Demo", "Xiaocao.Asp.Demo\Xiaocao.Asp.Demo.csproj", "{FA688B68-033B-42B6-8A8B-A872F51A4742}"
EndProject
Project("{FAE04EC0-301F-11D3-BF4B-00C04F79EFBC}") = "WebApiWithMVC", "WebApiWithMVC\WebApiWithMVC.csproj", "{76170D67-C645-45F4-BDF8-08D339448F78}"
EndProject
Project("{FAE04EC0-301F-11D3-BF4B-00C04F79EFBC}") = "WebApiPure", "WebApiPure\WebApiPure.csproj", "{015F1B31-E20A-490F-B26D-CF8B9DF2406D}"
EndProject
Project("{FAE04EC0-301F-11D3-BF4B-00C04F79EFBC}") = "WebApiPureClient", "WebApiPureClient\WebApiPureClient.csproj", "{27CE7E72-0ACD-4482-9792-478CD736250D}"
EndProject
Global
	GlobalSection(SolutionConfigurationPlatforms) = preSolution
		Debug|Any CPU = Debug|Any CPU
		Release|Any CPU = Release|Any CPU
	EndGlobalSection
	GlobalSection(ProjectConfigurationPlatforms) = postSolution
		{D39058FC-1A7E-41B0-A2B9-8A0E12BBDAD5}.Debug|Any CPU.ActiveCfg = Debug|Any CPU
		{D39058FC-1A7E-41B0-A2B9-8A0E12BBDAD5}.Debug|Any CPU.Build.0 = Debug|Any CPU
		{D39058FC-1A7E-41B0-A2B9-8A0E12BBDAD5}.Release|Any CPU.ActiveCfg = Release|Any CPU
		{D39058FC-1A7E-41B0-A2B9-8A0E12BBDAD5}.Release|Any CPU.Build.0 = Release|Any CPU
		{FA688B68-033B-42B6-8A8B-A872F51A4742}.Debug|Any CPU.ActiveCfg = Debug|Any CPU
		{FA688B68-033B-42B6-8A8B-A872F51A4742}.Debug|Any CPU.Build.0 = Debug|Any CPU
		{FA688B68-033B-42B6-8A8B-A872F51A4742}.Release|Any CPU.ActiveCfg = Release|Any CPU
		{FA688B68-033B-42B6-8A8B-A872F51A4742}.Release|Any CPU.Build.0 = Release|Any CPU
		{76170D67-C645-45F4-BDF8-08D339448F78}.Debug|Any CPU.ActiveCfg = Debug|Any CPU
		{76170D67-C645-45F4-BDF8-08D339448F78}.Debug|Any CPU.Build.0 = Debug|Any CPU
		{76170D67-C645-45F4-BDF8-08D339448F78}.Release|Any CPU.ActiveCfg = Release|Any CPU
		{76170D67-C645-45F4-BDF8-08D339448F78}.Release|Any CPU.Build.0 = Release|Any CPU
		{015F1B31-E20A-490F-B26D-CF8B9DF2406D}.Debug|Any CPU.ActiveCfg = Debug|Any CPU
		{015F1B31-E20A-490F-B26D-CF8B9DF2406D}.Debug|Any CPU.Build.0 = Debug|Any CPU
		{015F1B31-E20A-490F-B26D-CF8B9DF2406D}.Release|Any CPU.ActiveCfg = Release|Any CPU
		{015F1B31-E20A-490F-B26D-CF8B9DF2406D}.Release|Any CPU.Build.0 = Release|Any CPU
		{27CE7E72-0ACD-4482-9792-478CD736250D}.Debug|Any CPU.ActiveCfg = Debug|Any CPU
		{27CE7E72-0ACD-4482-9792-478CD736250D}.Debug|Any CPU.Build.0 = Debug|Any CPU
		{27CE7E72-0ACD-4482-9792-478CD736250D}.Release|Any CPU.ActiveCfg = Release|Any CPU
		{27CE7E72-0ACD-4482-9792-478CD736250D}.Release|Any CPU.Build.0 = Release|Any CPU
	EndGlobalSection
	GlobalSection(SolutionProperties) = preSolution
		HideSolutionNode = FALSE
	EndGlobalSection
	GlobalSection(ExtensibilityGlobals) = postSolution
		SolutionGuid = {C1AB225E-998F-419C-A158-884FF39A9946}
	EndGlobalSection
EndGlobal
